// !$*UTF8*$!
{
	archiveVersion = 1;
	classes = {
	};
	objectVersion = 51;
	objects = {

/* Begin PBXBuildFile section */
		0C061555251733DC00F58191 /* Forecast.swift in Sources */ = {isa = PBXBuildFile; fileRef = 0C061554251733DC00F58191 /* Forecast.swift */; };
		0C06155725173E0E00F58191 /* Date.swift in Sources */ = {isa = PBXBuildFile; fileRef = 0C06155625173E0E00F58191 /* Date.swift */; };
		0C80CE222515BF9B007859C4 /* Color.swift in Sources */ = {isa = PBXBuildFile; fileRef = 0C80CE212515BF9B007859C4 /* Color.swift */; };
		0C80CE242515BFA5007859C4 /* Font.swift in Sources */ = {isa = PBXBuildFile; fileRef = 0C80CE232515BFA5007859C4 /* Font.swift */; };
		0C80CE262515BFAF007859C4 /* StandartUserDefaults.swift in Sources */ = {isa = PBXBuildFile; fileRef = 0C80CE252515BFAF007859C4 /* StandartUserDefaults.swift */; };
		0C80CE292515BFF4007859C4 /* LocationManager.swift in Sources */ = {isa = PBXBuildFile; fileRef = 0C80CE282515BFF4007859C4 /* LocationManager.swift */; };
		0C80CE2B2515C137007859C4 /* UIColor.swift in Sources */ = {isa = PBXBuildFile; fileRef = 0C80CE2A2515C137007859C4 /* UIColor.swift */; };
		0C80CE2D2515C161007859C4 /* UIImage.swift in Sources */ = {isa = PBXBuildFile; fileRef = 0C80CE2C2515C161007859C4 /* UIImage.swift */; };
		0C80CE2F2515C274007859C4 /* Storyboard.swift in Sources */ = {isa = PBXBuildFile; fileRef = 0C80CE2E2515C274007859C4 /* Storyboard.swift */; };
		0C80CE312515C292007859C4 /* UIStoryboard.swift in Sources */ = {isa = PBXBuildFile; fileRef = 0C80CE302515C292007859C4 /* UIStoryboard.swift */; };
		0C80CE332515C340007859C4 /* TodayViewController.swift in Sources */ = {isa = PBXBuildFile; fileRef = 0C80CE322515C340007859C4 /* TodayViewController.swift */; };
		0C80CE352515C360007859C4 /* ForecastViewController.swift in Sources */ = {isa = PBXBuildFile; fileRef = 0C80CE342515C360007859C4 /* ForecastViewController.swift */; };
		0C80CE372515C5B6007859C4 /* MainTabbarView.xib in Resources */ = {isa = PBXBuildFile; fileRef = 0C80CE362515C5B6007859C4 /* MainTabbarView.xib */; };
		0C80CE392515DB16007859C4 /* ApiClient.swift in Sources */ = {isa = PBXBuildFile; fileRef = 0C80CE382515DB16007859C4 /* ApiClient.swift */; };
		0C80CE3B2515DB32007859C4 /* ApiResource.swift in Sources */ = {isa = PBXBuildFile; fileRef = 0C80CE3A2515DB32007859C4 /* ApiResource.swift */; };
		0C80CE3D2515DB6B007859C4 /* Constants.swift in Sources */ = {isa = PBXBuildFile; fileRef = 0C80CE3C2515DB6B007859C4 /* Constants.swift */; };
		0C80CE402515DDD7007859C4 /* Weather.swift in Sources */ = {isa = PBXBuildFile; fileRef = 0C80CE3F2515DDD7007859C4 /* Weather.swift */; };
		0C80CE422515E284007859C4 /* Utils.swift in Sources */ = {isa = PBXBuildFile; fileRef = 0C80CE412515E284007859C4 /* Utils.swift */; };
		0CE083D22517AFA70002A594 /* ForecastTableViewCell.swift in Sources */ = {isa = PBXBuildFile; fileRef = 0CE083D02517AFA70002A594 /* ForecastTableViewCell.swift */; };
		0CE083D32517AFA70002A594 /* ForecastTableViewCell.xib in Resources */ = {isa = PBXBuildFile; fileRef = 0CE083D12517AFA70002A594 /* ForecastTableViewCell.xib */; };
		BA5747E32513B8AA00837244 /* SplashScreenWaiterViewController.swift in Sources */ = {isa = PBXBuildFile; fileRef = BA5747E22513B8AA00837244 /* SplashScreenWaiterViewController.swift */; };
		BA5747E92513BB0000837244 /* MainTabbarController.swift in Sources */ = {isa = PBXBuildFile; fileRef = BA5747E82513BB0000837244 /* MainTabbarController.swift */; };
		BA5747EC2513BB4400837244 /* MainTabbarView.swift in Sources */ = {isa = PBXBuildFile; fileRef = BA5747EB2513BB4400837244 /* MainTabbarView.swift */; };
		BA5747EE2513BB5E00837244 /* BaseView.swift in Sources */ = {isa = PBXBuildFile; fileRef = BA5747ED2513BB5E00837244 /* BaseView.swift */; };
		BA94FB3A2513B6E900229927 /* AppDelegate.swift in Sources */ = {isa = PBXBuildFile; fileRef = BA94FB392513B6E900229927 /* AppDelegate.swift */; };
		BA94FB412513B6E900229927 /* Main.storyboard in Resources */ = {isa = PBXBuildFile; fileRef = BA94FB3F2513B6E900229927 /* Main.storyboard */; };
		BA94FB432513B6EB00229927 /* Assets.xcassets in Resources */ = {isa = PBXBuildFile; fileRef = BA94FB422513B6EB00229927 /* Assets.xcassets */; };
		BA94FB462513B6EB00229927 /* LaunchScreen.storyboard in Resources */ = {isa = PBXBuildFile; fileRef = BA94FB442513B6EB00229927 /* LaunchScreen.storyboard */; };
		DA3B678AA263F6CC4AD5EB82 /* Pods_WeatherApp.framework in Frameworks */ = {isa = PBXBuildFile; fileRef = F6D8D3EDAE131B768E17EEDA /* Pods_WeatherApp.framework */; };
/* End PBXBuildFile section */

/* Begin PBXFileReference section */
		0C061554251733DC00F58191 /* Forecast.swift */ = {isa = PBXFileReference; lastKnownFileType = sourcecode.swift; path = Forecast.swift; sourceTree = "<group>"; };
		0C06155625173E0E00F58191 /* Date.swift */ = {isa = PBXFileReference; lastKnownFileType = sourcecode.swift; path = Date.swift; sourceTree = "<group>"; };
		0C80CE212515BF9B007859C4 /* Color.swift */ = {isa = PBXFileReference; lastKnownFileType = sourcecode.swift; path = Color.swift; sourceTree = "<group>"; };
		0C80CE232515BFA5007859C4 /* Font.swift */ = {isa = PBXFileReference; lastKnownFileType = sourcecode.swift; path = Font.swift; sourceTree = "<group>"; };
		0C80CE252515BFAF007859C4 /* StandartUserDefaults.swift */ = {isa = PBXFileReference; lastKnownFileType = sourcecode.swift; path = StandartUserDefaults.swift; sourceTree = "<group>"; };
		0C80CE282515BFF4007859C4 /* LocationManager.swift */ = {isa = PBXFileReference; lastKnownFileType = sourcecode.swift; path = LocationManager.swift; sourceTree = "<group>"; };
		0C80CE2A2515C137007859C4 /* UIColor.swift */ = {isa = PBXFileReference; lastKnownFileType = sourcecode.swift; path = UIColor.swift; sourceTree = "<group>"; };
		0C80CE2C2515C161007859C4 /* UIImage.swift */ = {isa = PBXFileReference; lastKnownFileType = sourcecode.swift; path = UIImage.swift; sourceTree = "<group>"; };
		0C80CE2E2515C274007859C4 /* Storyboard.swift */ = {isa = PBXFileReference; lastKnownFileType = sourcecode.swift; path = Storyboard.swift; sourceTree = "<group>"; };
		0C80CE302515C292007859C4 /* UIStoryboard.swift */ = {isa = PBXFileReference; lastKnownFileType = sourcecode.swift; path = UIStoryboard.swift; sourceTree = "<group>"; };
		0C80CE322515C340007859C4 /* TodayViewController.swift */ = {isa = PBXFileReference; lastKnownFileType = sourcecode.swift; path = TodayViewController.swift; sourceTree = "<group>"; };
		0C80CE342515C360007859C4 /* ForecastViewController.swift */ = {isa = PBXFileReference; lastKnownFileType = sourcecode.swift; path = ForecastViewController.swift; sourceTree = "<group>"; };
		0C80CE362515C5B6007859C4 /* MainTabbarView.xib */ = {isa = PBXFileReference; lastKnownFileType = file.xib; path = MainTabbarView.xib; sourceTree = "<group>"; };
		0C80CE382515DB16007859C4 /* ApiClient.swift */ = {isa = PBXFileReference; lastKnownFileType = sourcecode.swift; path = ApiClient.swift; sourceTree = "<group>"; };
		0C80CE3A2515DB32007859C4 /* ApiResource.swift */ = {isa = PBXFileReference; lastKnownFileType = sourcecode.swift; path = ApiResource.swift; sourceTree = "<group>"; };
		0C80CE3C2515DB6B007859C4 /* Constants.swift */ = {isa = PBXFileReference; lastKnownFileType = sourcecode.swift; path = Constants.swift; sourceTree = "<group>"; };
		0C80CE3F2515DDD7007859C4 /* Weather.swift */ = {isa = PBXFileReference; lastKnownFileType = sourcecode.swift; path = Weather.swift; sourceTree = "<group>"; };
		0C80CE412515E284007859C4 /* Utils.swift */ = {isa = PBXFileReference; lastKnownFileType = sourcecode.swift; path = Utils.swift; sourceTree = "<group>"; };
		0CE083D02517AFA70002A594 /* ForecastTableViewCell.swift */ = {isa = PBXFileReference; lastKnownFileType = sourcecode.swift; path = ForecastTableViewCell.swift; sourceTree = "<group>"; };
		0CE083D12517AFA70002A594 /* ForecastTableViewCell.xib */ = {isa = PBXFileReference; lastKnownFileType = file.xib; path = ForecastTableViewCell.xib; sourceTree = "<group>"; };
		BA5747E22513B8AA00837244 /* SplashScreenWaiterViewController.swift */ = {isa = PBXFileReference; lastKnownFileType = sourcecode.swift; path = SplashScreenWaiterViewController.swift; sourceTree = "<group>"; };
		BA5747E82513BB0000837244 /* MainTabbarController.swift */ = {isa = PBXFileReference; lastKnownFileType = sourcecode.swift; path = MainTabbarController.swift; sourceTree = "<group>"; };
		BA5747EB2513BB4400837244 /* MainTabbarView.swift */ = {isa = PBXFileReference; lastKnownFileType = sourcecode.swift; path = MainTabbarView.swift; sourceTree = "<group>"; };
		BA5747ED2513BB5E00837244 /* BaseView.swift */ = {isa = PBXFileReference; lastKnownFileType = sourcecode.swift; path = BaseView.swift; sourceTree = "<group>"; };
		BA94FB362513B6E900229927 /* WeatherApp.app */ = {isa = PBXFileReference; explicitFileType = wrapper.application; includeInIndex = 0; path = WeatherApp.app; sourceTree = BUILT_PRODUCTS_DIR; };
		BA94FB392513B6E900229927 /* AppDelegate.swift */ = {isa = PBXFileReference; lastKnownFileType = sourcecode.swift; path = AppDelegate.swift; sourceTree = "<group>"; };
		BA94FB402513B6E900229927 /* Base */ = {isa = PBXFileReference; lastKnownFileType = file.storyboard; name = Base; path = Base.lproj/Main.storyboard; sourceTree = "<group>"; };
		BA94FB422513B6EB00229927 /* Assets.xcassets */ = {isa = PBXFileReference; lastKnownFileType = folder.assetcatalog; path = Assets.xcassets; sourceTree = "<group>"; };
		BA94FB452513B6EB00229927 /* Base */ = {isa = PBXFileReference; lastKnownFileType = file.storyboard; name = Base; path = Base.lproj/LaunchScreen.storyboard; sourceTree = "<group>"; };
		BA94FB472513B6EB00229927 /* Info.plist */ = {isa = PBXFileReference; lastKnownFileType = text.plist.xml; path = Info.plist; sourceTree = "<group>"; };
		C378991111AE187A0A66623C /* Pods-WeatherApp.debug.xcconfig */ = {isa = PBXFileReference; includeInIndex = 1; lastKnownFileType = text.xcconfig; name = "Pods-WeatherApp.debug.xcconfig"; path = "Target Support Files/Pods-WeatherApp/Pods-WeatherApp.debug.xcconfig"; sourceTree = "<group>"; };
		DC80CAC94AA075B61B9172E5 /* Pods-WeatherApp.release.xcconfig */ = {isa = PBXFileReference; includeInIndex = 1; lastKnownFileType = text.xcconfig; name = "Pods-WeatherApp.release.xcconfig"; path = "Target Support Files/Pods-WeatherApp/Pods-WeatherApp.release.xcconfig"; sourceTree = "<group>"; };
		F6D8D3EDAE131B768E17EEDA /* Pods_WeatherApp.framework */ = {isa = PBXFileReference; explicitFileType = wrapper.framework; includeInIndex = 0; path = Pods_WeatherApp.framework; sourceTree = BUILT_PRODUCTS_DIR; };
/* End PBXFileReference section */

/* Begin PBXFrameworksBuildPhase section */
		BA94FB332513B6E900229927 /* Frameworks */ = {
			isa = PBXFrameworksBuildPhase;
			buildActionMask = 2147483647;
			files = (
				DA3B678AA263F6CC4AD5EB82 /* Pods_WeatherApp.framework in Frameworks */,
			);
			runOnlyForDeploymentPostprocessing = 0;
		};
/* End PBXFrameworksBuildPhase section */

/* Begin PBXGroup section */
		0C80CE1F2515BF85007859C4 /* Extensions */ = {
			isa = PBXGroup;
			children = (
				0C80CE2A2515C137007859C4 /* UIColor.swift */,
				0C80CE2C2515C161007859C4 /* UIImage.swift */,
				0C80CE302515C292007859C4 /* UIStoryboard.swift */,
				0C06155625173E0E00F58191 /* Date.swift */,
			);
			path = Extensions;
			sourceTree = "<group>";
		};
		0C80CE202515BF8F007859C4 /* Utils */ = {
			isa = PBXGroup;
			children = (
				0C80CE212515BF9B007859C4 /* Color.swift */,
				0C80CE232515BFA5007859C4 /* Font.swift */,
				0C80CE252515BFAF007859C4 /* StandartUserDefaults.swift */,
				0C80CE2E2515C274007859C4 /* Storyboard.swift */,
				0C80CE412515E284007859C4 /* Utils.swift */,
			);
			path = Utils;
			sourceTree = "<group>";
		};
		0C80CE272515BFEA007859C4 /* Manager */ = {
			isa = PBXGroup;
			children = (
				0C80CE282515BFF4007859C4 /* LocationManager.swift */,
			);
			path = Manager;
			sourceTree = "<group>";
		};
		0C80CE3E2515DDCB007859C4 /* Entities */ = {
			isa = PBXGroup;
			children = (
				0C80CE3F2515DDD7007859C4 /* Weather.swift */,
				0C061554251733DC00F58191 /* Forecast.swift */,
			);
			path = Entities;
			sourceTree = "<group>";
		};
		0CE083CF2517AF960002A594 /* Forecast */ = {
			isa = PBXGroup;
			children = (
				0C80CE342515C360007859C4 /* ForecastViewController.swift */,
				0CE083D02517AFA70002A594 /* ForecastTableViewCell.swift */,
				0CE083D12517AFA70002A594 /* ForecastTableViewCell.xib */,
			);
			path = Forecast;
			sourceTree = "<group>";
		};
		6FF52F029984A67F0AD9AD46 /* Pods */ = {
			isa = PBXGroup;
			children = (
				C378991111AE187A0A66623C /* Pods-WeatherApp.debug.xcconfig */,
				DC80CAC94AA075B61B9172E5 /* Pods-WeatherApp.release.xcconfig */,
			);
			path = Pods;
			sourceTree = "<group>";
		};
		7D470D349889D3DBE53D0237 /* Frameworks */ = {
			isa = PBXGroup;
			children = (
				F6D8D3EDAE131B768E17EEDA /* Pods_WeatherApp.framework */,
			);
			name = Frameworks;
			sourceTree = "<group>";
		};
		BA5747E62513BA9C00837244 /* Networking */ = {
			isa = PBXGroup;
			children = (
				0C80CE3E2515DDCB007859C4 /* Entities */,
				0C80CE382515DB16007859C4 /* ApiClient.swift */,
				0C80CE3A2515DB32007859C4 /* ApiResource.swift */,
			);
			path = Networking;
			sourceTree = "<group>";
		};
		BA5747E72513BAA500837244 /* ReusableComponents */ = {
			isa = PBXGroup;
			children = (
				BA5747EA2513BB3800837244 /* Tabbar */,
				BA5747ED2513BB5E00837244 /* BaseView.swift */,
			);
			path = ReusableComponents;
			sourceTree = "<group>";
		};
		BA5747EA2513BB3800837244 /* Tabbar */ = {
			isa = PBXGroup;
			children = (
				BA5747E82513BB0000837244 /* MainTabbarController.swift */,
				BA5747EB2513BB4400837244 /* MainTabbarView.swift */,
				0C80CE362515C5B6007859C4 /* MainTabbarView.xib */,
			);
			path = Tabbar;
			sourceTree = "<group>";
		};
		BA94FB2D2513B6E900229927 = {
			isa = PBXGroup;
			children = (
				BA94FB382513B6E900229927 /* WeatherApp */,
				BA94FB372513B6E900229927 /* Products */,
				6FF52F029984A67F0AD9AD46 /* Pods */,
				7D470D349889D3DBE53D0237 /* Frameworks */,
			);
			sourceTree = "<group>";
		};
		BA94FB372513B6E900229927 /* Products */ = {
			isa = PBXGroup;
			children = (
				BA94FB362513B6E900229927 /* WeatherApp.app */,
			);
			name = Products;
			sourceTree = "<group>";
		};
		BA94FB382513B6E900229927 /* WeatherApp */ = {
			isa = PBXGroup;
			children = (
				BA5747E62513BA9C00837244 /* Networking */,
				BA94FB4F2513B7BD00229927 /* Modules */,
				BA94FB4E2513B72000229927 /* App */,
				BA94FB4D2513B71400229927 /* Core */,
				BA94FB472513B6EB00229927 /* Info.plist */,
			);
			path = WeatherApp;
			sourceTree = "<group>";
		};
		BA94FB4D2513B71400229927 /* Core */ = {
			isa = PBXGroup;
			children = (
				0C80CE272515BFEA007859C4 /* Manager */,
				0C80CE202515BF8F007859C4 /* Utils */,
				0C80CE1F2515BF85007859C4 /* Extensions */,
				BA5747E72513BAA500837244 /* ReusableComponents */,
				0C80CE3C2515DB6B007859C4 /* Constants.swift */,
			);
			path = Core;
			sourceTree = "<group>";
		};
		BA94FB4E2513B72000229927 /* App */ = {
			isa = PBXGroup;
			children = (
				BA94FB392513B6E900229927 /* AppDelegate.swift */,
				BA94FB422513B6EB00229927 /* Assets.xcassets */,
				BA94FB3F2513B6E900229927 /* Main.storyboard */,
				BA94FB442513B6EB00229927 /* LaunchScreen.storyboard */,
			);
			path = App;
			sourceTree = "<group>";
		};
		BA94FB4F2513B7BD00229927 /* Modules */ = {
			isa = PBXGroup;
			children = (
				0CE083CF2517AF960002A594 /* Forecast */,
				BA5747E22513B8AA00837244 /* SplashScreenWaiterViewController.swift */,
				0C80CE322515C340007859C4 /* TodayViewController.swift */,
			);
			path = Modules;
			sourceTree = "<group>";
		};
/* End PBXGroup section */

/* Begin PBXNativeTarget section */
		BA94FB352513B6E900229927 /* WeatherApp */ = {
			isa = PBXNativeTarget;
			buildConfigurationList = BA94FB4A2513B6EB00229927 /* Build configuration list for PBXNativeTarget "WeatherApp" */;
			buildPhases = (
				BD7541B83CE82A936AAB427C /* [CP] Check Pods Manifest.lock */,
				BA94FB322513B6E900229927 /* Sources */,
				BA94FB332513B6E900229927 /* Frameworks */,
				BA94FB342513B6E900229927 /* Resources */,
				C0CC6B2B57C247DBE8B925ED /* [CP] Embed Pods Frameworks */,
			);
			buildRules = (
			);
			dependencies = (
			);
			name = WeatherApp;
			productName = WeatherApp;
			productReference = BA94FB362513B6E900229927 /* WeatherApp.app */;
			productType = "com.apple.product-type.application";
		};
/* End PBXNativeTarget section */

/* Begin PBXProject section */
		BA94FB2E2513B6E900229927 /* Project object */ = {
			isa = PBXProject;
			attributes = {
				LastSwiftUpdateCheck = 1140;
				LastUpgradeCheck = 1140;
				ORGANIZATIONNAME = Home;
				TargetAttributes = {
					BA94FB352513B6E900229927 = {
						CreatedOnToolsVersion = 11.4;
					};
				};
			};
			buildConfigurationList = BA94FB312513B6E900229927 /* Build configuration list for PBXProject "WeatherApp" */;
			compatibilityVersion = "Xcode 9.3";
			developmentRegion = en;
			hasScannedForEncodings = 0;
			knownRegions = (
				en,
				Base,
			);
			mainGroup = BA94FB2D2513B6E900229927;
			productRefGroup = BA94FB372513B6E900229927 /* Products */;
			projectDirPath = "";
			projectRoot = "";
			targets = (
				BA94FB352513B6E900229927 /* WeatherApp */,
			);
		};
/* End PBXProject section */

/* Begin PBXResourcesBuildPhase section */
		BA94FB342513B6E900229927 /* Resources */ = {
			isa = PBXResourcesBuildPhase;
			buildActionMask = 2147483647;
			files = (
				0CE083D32517AFA70002A594 /* ForecastTableViewCell.xib in Resources */,
				BA94FB462513B6EB00229927 /* LaunchScreen.storyboard in Resources */,
				BA94FB432513B6EB00229927 /* Assets.xcassets in Resources */,
				BA94FB412513B6E900229927 /* Main.storyboard in Resources */,
				0C80CE372515C5B6007859C4 /* MainTabbarView.xib in Resources */,
			);
			runOnlyForDeploymentPostprocessing = 0;
		};
/* End PBXResourcesBuildPhase section */

/* Begin PBXShellScriptBuildPhase section */
		BD7541B83CE82A936AAB427C /* [CP] Check Pods Manifest.lock */ = {
			isa = PBXShellScriptBuildPhase;
			buildActionMask = 2147483647;
			files = (
			);
			inputFileListPaths = (
			);
			inputPaths = (
				"${PODS_PODFILE_DIR_PATH}/Podfile.lock",
				"${PODS_ROOT}/Manifest.lock",
			);
			name = "[CP] Check Pods Manifest.lock";
			outputFileListPaths = (
			);
			outputPaths = (
				"$(DERIVED_FILE_DIR)/Pods-WeatherApp-checkManifestLockResult.txt",
			);
			runOnlyForDeploymentPostprocessing = 0;
			shellPath = /bin/sh;
			shellScript = "diff \"${PODS_PODFILE_DIR_PATH}/Podfile.lock\" \"${PODS_ROOT}/Manifest.lock\" > /dev/null\nif [ $? != 0 ] ; then\n    # print error to STDERR\n    echo \"error: The sandbox is not in sync with the Podfile.lock. Run 'pod install' or update your CocoaPods installation.\" >&2\n    exit 1\nfi\n# This output is used by Xcode 'outputs' to avoid re-running this script phase.\necho \"SUCCESS\" > \"${SCRIPT_OUTPUT_FILE_0}\"\n";
			showEnvVarsInLog = 0;
		};
		C0CC6B2B57C247DBE8B925ED /* [CP] Embed Pods Frameworks */ = {
			isa = PBXShellScriptBuildPhase;
			buildActionMask = 2147483647;
			files = (
			);
			inputFileListPaths = (
				"${PODS_ROOT}/Target Support Files/Pods-WeatherApp/Pods-WeatherApp-frameworks-${CONFIGURATION}-input-files.xcfilelist",
			);
			name = "[CP] Embed Pods Frameworks";
			outputFileListPaths = (
				"${PODS_ROOT}/Target Support Files/Pods-WeatherApp/Pods-WeatherApp-frameworks-${CONFIGURATION}-output-files.xcfilelist",
			);
			runOnlyForDeploymentPostprocessing = 0;
			shellPath = /bin/sh;
			shellScript = "\"${PODS_ROOT}/Target Support Files/Pods-WeatherApp/Pods-WeatherApp-frameworks.sh\"\n";
			showEnvVarsInLog = 0;
		};
/* End PBXShellScriptBuildPhase section */

/* Begin PBXSourcesBuildPhase section */
		BA94FB322513B6E900229927 /* Sources */ = {
			isa = PBXSourcesBuildPhase;
			buildActionMask = 2147483647;
			files = (
				BA5747E32513B8AA00837244 /* SplashScreenWaiterViewController.swift in Sources */,
				0C80CE2D2515C161007859C4 /* UIImage.swift in Sources */,
				0C80CE352515C360007859C4 /* ForecastViewController.swift in Sources */,
				0C80CE392515DB16007859C4 /* ApiClient.swift in Sources */,
				BA94FB3A2513B6E900229927 /* AppDelegate.swift in Sources */,
				0C80CE242515BFA5007859C4 /* Font.swift in Sources */,
				0CE083D22517AFA70002A594 /* ForecastTableViewCell.swift in Sources */,
				0C80CE312515C292007859C4 /* UIStoryboard.swift in Sources */,
				0C80CE2F2515C274007859C4 /* Storyboard.swift in Sources */,
				BA5747EE2513BB5E00837244 /* BaseView.swift in Sources */,
				BA5747E92513BB0000837244 /* MainTabbarController.swift in Sources */,
				0C80CE332515C340007859C4 /* TodayViewController.swift in Sources */,
				0C80CE262515BFAF007859C4 /* StandartUserDefaults.swift in Sources */,
				BA5747EC2513BB4400837244 /* MainTabbarView.swift in Sources */,
				0C80CE222515BF9B007859C4 /* Color.swift in Sources */,
				0C80CE292515BFF4007859C4 /* LocationManager.swift in Sources */,
				0C80CE422515E284007859C4 /* Utils.swift in Sources */,
				0C061555251733DC00F58191 /* Forecast.swift in Sources */,
				0C80CE402515DDD7007859C4 /* Weather.swift in Sources */,
				0C80CE3B2515DB32007859C4 /* ApiResource.swift in Sources */,
				0C06155725173E0E00F58191 /* Date.swift in Sources */,
				0C80CE2B2515C137007859C4 /* UIColor.swift in Sources */,
				0C80CE3D2515DB6B007859C4 /* Constants.swift in Sources */,
			);
			runOnlyForDeploymentPostprocessing = 0;
		};
/* End PBXSourcesBuildPhase section */

/* Begin PBXVariantGroup section */
		BA94FB3F2513B6E900229927 /* Main.storyboard */ = {
			isa = PBXVariantGroup;
			children = (
				BA94FB402513B6E900229927 /* Base */,
			);
			name = Main.storyboard;
			sourceTree = "<group>";
		};
		BA94FB442513B6EB00229927 /* LaunchScreen.storyboard */ = {
			isa = PBXVariantGroup;
			children = (
				BA94FB452513B6EB00229927 /* Base */,
			);
			name = LaunchScreen.storyboard;
			sourceTree = "<group>";
		};
/* End PBXVariantGroup section */

/* Begin XCBuildConfiguration section */
		BA94FB482513B6EB00229927 /* Debug */ = {
			isa = XCBuildConfiguration;
			buildSettings = {
				ALWAYS_SEARCH_USER_PATHS = NO;
				CLANG_ANALYZER_NONNULL = YES;
				CLANG_ANALYZER_NUMBER_OBJECT_CONVERSION = YES_AGGRESSIVE;
				CLANG_CXX_LANGUAGE_STANDARD = "gnu++14";
				CLANG_CXX_LIBRARY = "libc++";
				CLANG_ENABLE_MODULES = YES;
				CLANG_ENABLE_OBJC_ARC = YES;
				CLANG_ENABLE_OBJC_WEAK = YES;
				CLANG_WARN_BLOCK_CAPTURE_AUTORELEASING = YES;
				CLANG_WARN_BOOL_CONVERSION = YES;
				CLANG_WARN_COMMA = YES;
				CLANG_WARN_CONSTANT_CONVERSION = YES;
				CLANG_WARN_DEPRECATED_OBJC_IMPLEMENTATIONS = YES;
				CLANG_WARN_DIRECT_OBJC_ISA_USAGE = YES_ERROR;
				CLANG_WARN_DOCUMENTATION_COMMENTS = YES;
				CLANG_WARN_EMPTY_BODY = YES;
				CLANG_WARN_ENUM_CONVERSION = YES;
				CLANG_WARN_INFINITE_RECURSION = YES;
				CLANG_WARN_INT_CONVERSION = YES;
				CLANG_WARN_NON_LITERAL_NULL_CONVERSION = YES;
				CLANG_WARN_OBJC_IMPLICIT_RETAIN_SELF = YES;
				CLANG_WARN_OBJC_LITERAL_CONVERSION = YES;
				CLANG_WARN_OBJC_ROOT_CLASS = YES_ERROR;
				CLANG_WARN_RANGE_LOOP_ANALYSIS = YES;
				CLANG_WARN_STRICT_PROTOTYPES = YES;
				CLANG_WARN_SUSPICIOUS_MOVE = YES;
				CLANG_WARN_UNGUARDED_AVAILABILITY = YES_AGGRESSIVE;
				CLANG_WARN_UNREACHABLE_CODE = YES;
				CLANG_WARN__DUPLICATE_METHOD_MATCH = YES;
				COPY_PHASE_STRIP = NO;
				DEBUG_INFORMATION_FORMAT = dwarf;
				ENABLE_STRICT_OBJC_MSGSEND = YES;
				ENABLE_TESTABILITY = YES;
				GCC_C_LANGUAGE_STANDARD = gnu11;
				GCC_DYNAMIC_NO_PIC = NO;
				GCC_NO_COMMON_BLOCKS = YES;
				GCC_OPTIMIZATION_LEVEL = 0;
				GCC_PREPROCESSOR_DEFINITIONS = (
					"DEBUG=1",
					"$(inherited)",
				);
				GCC_WARN_64_TO_32_BIT_CONVERSION = YES;
				GCC_WARN_ABOUT_RETURN_TYPE = YES_ERROR;
				GCC_WARN_UNDECLARED_SELECTOR = YES;
				GCC_WARN_UNINITIALIZED_AUTOS = YES_AGGRESSIVE;
				GCC_WARN_UNUSED_FUNCTION = YES;
				GCC_WARN_UNUSED_VARIABLE = YES;
				IPHONEOS_DEPLOYMENT_TARGET = 13.4;
				MTL_ENABLE_DEBUG_INFO = INCLUDE_SOURCE;
				MTL_FAST_MATH = YES;
				ONLY_ACTIVE_ARCH = YES;
				SDKROOT = iphoneos;
				SWIFT_ACTIVE_COMPILATION_CONDITIONS = DEBUG;
				SWIFT_OPTIMIZATION_LEVEL = "-Onone";
			};
			name = Debug;
		};
		BA94FB492513B6EB00229927 /* Release */ = {
			isa = XCBuildConfiguration;
			buildSettings = {
				ALWAYS_SEARCH_USER_PATHS = NO;
				CLANG_ANALYZER_NONNULL = YES;
				CLANG_ANALYZER_NUMBER_OBJECT_CONVERSION = YES_AGGRESSIVE;
				CLANG_CXX_LANGUAGE_STANDARD = "gnu++14";
				CLANG_CXX_LIBRARY = "libc++";
				CLANG_ENABLE_MODULES = YES;
				CLANG_ENABLE_OBJC_ARC = YES;
				CLANG_ENABLE_OBJC_WEAK = YES;
				CLANG_WARN_BLOCK_CAPTURE_AUTORELEASING = YES;
				CLANG_WARN_BOOL_CONVERSION = YES;
				CLANG_WARN_COMMA = YES;
				CLANG_WARN_CONSTANT_CONVERSION = YES;
				CLANG_WARN_DEPRECATED_OBJC_IMPLEMENTATIONS = YES;
				CLANG_WARN_DIRECT_OBJC_ISA_USAGE = YES_ERROR;
				CLANG_WARN_DOCUMENTATION_COMMENTS = YES;
				CLANG_WARN_EMPTY_BODY = YES;
				CLANG_WARN_ENUM_CONVERSION = YES;
				CLANG_WARN_INFINITE_RECURSION = YES;
				CLANG_WARN_INT_CONVERSION = YES;
				CLANG_WARN_NON_LITERAL_NULL_CONVERSION = YES;
				CLANG_WARN_OBJC_IMPLICIT_RETAIN_SELF = YES;
				CLANG_WARN_OBJC_LITERAL_CONVERSION = YES;
				CLANG_WARN_OBJC_ROOT_CLASS = YES_ERROR;
				CLANG_WARN_RANGE_LOOP_ANALYSIS = YES;
				CLANG_WARN_STRICT_PROTOTYPES = YES;
				CLANG_WARN_SUSPICIOUS_MOVE = YES;
				CLANG_WARN_UNGUARDED_AVAILABILITY = YES_AGGRESSIVE;
				CLANG_WARN_UNREACHABLE_CODE = YES;
				CLANG_WARN__DUPLICATE_METHOD_MATCH = YES;
				COPY_PHASE_STRIP = NO;
				DEBUG_INFORMATION_FORMAT = "dwarf-with-dsym";
				ENABLE_NS_ASSERTIONS = NO;
				ENABLE_STRICT_OBJC_MSGSEND = YES;
				GCC_C_LANGUAGE_STANDARD = gnu11;
				GCC_NO_COMMON_BLOCKS = YES;
				GCC_WARN_64_TO_32_BIT_CONVERSION = YES;
				GCC_WARN_ABOUT_RETURN_TYPE = YES_ERROR;
				GCC_WARN_UNDECLARED_SELECTOR = YES;
				GCC_WARN_UNINITIALIZED_AUTOS = YES_AGGRESSIVE;
				GCC_WARN_UNUSED_FUNCTION = YES;
				GCC_WARN_UNUSED_VARIABLE = YES;
				IPHONEOS_DEPLOYMENT_TARGET = 13.4;
				MTL_ENABLE_DEBUG_INFO = NO;
				MTL_FAST_MATH = YES;
				SDKROOT = iphoneos;
				SWIFT_COMPILATION_MODE = wholemodule;
				SWIFT_OPTIMIZATION_LEVEL = "-O";
				VALIDATE_PRODUCT = YES;
			};
			name = Release;
		};
		BA94FB4B2513B6EB00229927 /* Debug */ = {
			isa = XCBuildConfiguration;
			baseConfigurationReference = C378991111AE187A0A66623C /* Pods-WeatherApp.debug.xcconfig */;
			buildSettings = {
				ASSETCATALOG_COMPILER_APPICON_NAME = AppIcon;
				CODE_SIGN_STYLE = Automatic;
				DEVELOPMENT_TEAM = 2AS4WY4534;
				INFOPLIST_FILE = WeatherApp/Info.plist;
				IPHONEOS_DEPLOYMENT_TARGET = 11.0;
				LD_RUNPATH_SEARCH_PATHS = (
					"$(inherited)",
					"@executable_path/Frameworks",
				);
				PRODUCT_BUNDLE_IDENTIFIER = ge.weather.app;
				PRODUCT_NAME = "$(TARGET_NAME)";
				SWIFT_VERSION = 5.0;
				TARGETED_DEVICE_FAMILY = 1;
			};
			name = Debug;
		};
		BA94FB4C2513B6EB00229927 /* Release */ = {
			isa = XCBuildConfiguration;
			baseConfigurationReference = DC80CAC94AA075B61B9172E5 /* Pods-WeatherApp.release.xcconfig */;
			buildSettings = {
				ASSETCATALOG_COMPILER_APPICON_NAME = AppIcon;
				CODE_SIGN_STYLE = Automatic;
				DEVELOPMENT_TEAM = 2AS4WY4534;
				INFOPLIST_FILE = WeatherApp/Info.plist;
				IPHONEOS_DEPLOYMENT_TARGET = 11.0;
				LD_RUNPATH_SEARCH_PATHS = (
					"$(inherited)",
					"@executable_path/Frameworks",
				);
				PRODUCT_BUNDLE_IDENTIFIER = ge.weather.app;
				PRODUCT_NAME = "$(TARGET_NAME)";
				SWIFT_VERSION = 5.0;
				TARGETED_DEVICE_FAMILY = 1;
			};
			name = Release;
		};
/* End XCBuildConfiguration section */

/* Begin XCConfigurationList section */
		BA94FB312513B6E900229927 /* Build configuration list for PBXProject "WeatherApp" */ = {
			isa = XCConfigurationList;
			buildConfigurations = (
				BA94FB482513B6EB00229927 /* Debug */,
				BA94FB492513B6EB00229927 /* Release */,
			);
			defaultConfigurationIsVisible = 0;
			defaultConfigurationName = Release;
		};
		BA94FB4A2513B6EB00229927 /* Build configuration list for PBXNativeTarget "WeatherApp" */ = {
			isa = XCConfigurationList;
			buildConfigurations = (
				BA94FB4B2513B6EB00229927 /* Debug */,
				BA94FB4C2513B6EB00229927 /* Release */,
			);
			defaultConfigurationIsVisible = 0;
			defaultConfigurationName = Release;
		};
/* End XCConfigurationList section */
	};
	rootObject = BA94FB2E2513B6E900229927 /* Project object */;
}
